
Microsoft Visual Studio Solution File, Format Version 12.00
# Visual Studio Version 17
VisualStudioVersion = 17.11.35222.181
MinimumVisualStudioVersion = 10.0.40219.1
Project("{8BC9CEB8-8B4A-11D0-8D11-00A0C91BC942}") = "FourSum", "FourSum\FourSum.vcxproj", "{FB373B75-980D-4D11-A200-5B9A9EAABF3C}"
EndProject
Global
	GlobalSection(SolutionConfigurationPlatforms) = preSolution
		Debug|x64 = Debug|x64
		Debug|x86 = Debug|x86
		Release|x64 = Release|x64
		Release|x86 = Release|x86
	EndGlobalSection
	GlobalSection(ProjectConfigurationPlatforms) = postSolution
		{FB373B75-980D-4D11-A200-5B9A9EAABF3C}.Debug|x64.ActiveCfg = Debug|x64
		{FB373B75-980D-4D11-A200-5B9A9EAABF3C}.Debug|x64.Build.0 = Debug|x64
		{FB373B75-980D-4D11-A200-5B9A9EAABF3C}.Debug|x86.ActiveCfg = Debug|Win32
		{FB373B75-980D-4D11-A200-5B9A9EAABF3C}.Debug|x86.Build.0 = Debug|Win32
		{FB373B75-980D-4D11-A200-5B9A9EAABF3C}.Release|x64.ActiveCfg = Release|x64
		{FB373B75-980D-4D11-A200-5B9A9EAABF3C}.Release|x64.Build.0 = Release|x64
		{FB373B75-980D-4D11-A200-5B9A9EAABF3C}.Release|x86.ActiveCfg = Release|Win32
		{FB373B75-980D-4D11-A200-5B9A9EAABF3C}.Release|x86.Build.0 = Release|Win32
	EndGlobalSection
	GlobalSection(SolutionProperties) = preSolution
		HideSolutionNode = FALSE
	EndGlobalSection
	GlobalSection(ExtensibilityGlobals) = postSolution
		SolutionGuid = {C6939E5F-7FD8-4361-B3D0-9A82DA18F29C}
	EndGlobalSection
EndGlobal
